
Microsoft Visual Studio Solution File, Format Version 11.00
# Visual Studio 2010
Project("{FAE04EC0-301F-11D3-BF4B-00C04F79EFBC}") = "EscrevendoNoCelularTests", "EscrevendoNoCelular\EscrevendoNoCelularTests.csproj", "{38CE8F46-5916-4E23-8035-EFD858E373EF}"
EndProject
Project("{2150E333-8FDC-42A3-9474-1A3956D46DE8}") = "Solution Items", "Solution Items", "{36F6D573-3B4D-4647-A720-FE4250BA2618}"
	ProjectSection(SolutionItems) = preProject
		EscrevendoNoCelular.vsmdi = EscrevendoNoCelular.vsmdi
		Local.testsettings = Local.testsettings
		TraceAndTestImpact.testsettings = TraceAndTestImpact.testsettings
	EndProjectSection
EndProject
Global
	GlobalSection(TestCaseManagementSettings) = postSolution
		CategoryFile = EscrevendoNoCelular.vsmdi
	EndGlobalSection
	GlobalSection(SolutionConfigurationPlatforms) = preSolution
		Debug|Any CPU = Debug|Any CPU
		Release|Any CPU = Release|Any CPU
	EndGlobalSection
	GlobalSection(ProjectConfigurationPlatforms) = postSolution
		{38CE8F46-5916-4E23-8035-EFD858E373EF}.Debug|Any CPU.ActiveCfg = Debug|Any CPU
		{38CE8F46-5916-4E23-8035-EFD858E373EF}.Debug|Any CPU.Build.0 = Debug|Any CPU
		{38CE8F46-5916-4E23-8035-EFD858E373EF}.Release|Any CPU.ActiveCfg = Release|Any CPU
		{38CE8F46-5916-4E23-8035-EFD858E373EF}.Release|Any CPU.Build.0 = Release|Any CPU
	EndGlobalSection
	GlobalSection(SolutionProperties) = preSolution
		HideSolutionNode = FALSE
	EndGlobalSection
EndGlobal
